
Microsoft Visual Studio Solution File, Format Version 12.00
# Visual Studio Version 17
VisualStudioVersion = 17.0.32112.339
MinimumVisualStudioVersion = 10.0.40219.1
Project("{FAE04EC0-301F-11D3-BF4B-00C04F79EFBC}") = "Nozel", "Nozel.csproj", "{0BA8B156-1DC5-4D16-BC28-DFDAAC8C5C94}"
EndProject
Global
	GlobalSection(SolutionConfigurationPlatforms) = preSolution
		Debug|Any CPU = Debug|Any CPU
		Release|Any CPU = Release|Any CPU
	EndGlobalSection
	GlobalSection(ProjectConfigurationPlatforms) = postSolution
		{0BA8B156-1DC5-4D16-BC28-DFDAAC8C5C94}.Debug|Any CPU.ActiveCfg = Debug|Any CPU
		{0BA8B156-1DC5-4D16-BC28-DFDAAC8C5C94}.Debug|Any CPU.Build.0 = Debug|Any CPU
		{0BA8B156-1DC5-4D16-BC28-DFDAAC8C5C94}.Release|Any CPU.ActiveCfg = Release|Any CPU
		{0BA8B156-1DC5-4D16-BC28-DFDAAC8C5C94}.Release|Any CPU.Build.0 = Release|Any CPU
	EndGlobalSection
	GlobalSection(SolutionProperties) = preSolution
		HideSolutionNode = FALSE
	EndGlobalSection
	GlobalSection(ExtensibilityGlobals) = postSolution
		SolutionGuid = {9EC9AC3B-8B3A-4945-9C01-265638146E7C}
	EndGlobalSection
EndGlobal
